<Solution>
  <Folder Name="/src/">
    <Project Path="src/OverseerProtocol.Core/OverseerProtocol.Core.csproj" />
    <Project Path="src/OverseerProtocol.Data/OverseerProtocol.Data.csproj" />
    <Project Path="src/OverseerProtocol.GameAbstractions/OverseerProtocol.GameAbstractions.csproj" />
    <Project Path="src/OverseerProtocol.Plugin/OverseerProtocol.Plugin.csproj" />
  </Folder>
</Solution>
